{
    "name": "log-queue",
    "version": "3.0.7",
    "lockfileVersion": 3,
    "requires": true,
    "packages": {
        "": {
            "name": "log-queue",
            "version": "3.0.7",
            "license": "MIT",
            "dependencies": {
                "@types/node": "^25.9.1",
                "colors": "^1.4.0",
                "fs": "^0.0.1-security",
                "valid-path": "^2.1.0"
            }
        },
        "node_modules/@types/node": {
            "version": "25.9.1",
            "resolved": "https://registry.npmjs.org/@types/node/-/node-25.9.1.tgz",
            "integrity": "sha512-xfrlY7UD5rMJk3ZVJP8BNzS28J36YJg+xp+LPXV1TdWxr8uMH5A860QNxYDGQe/ylDSgjxE52Q9VnO7p75tJxg==",
            "license": "MIT",
            "dependencies": {
                "undici-types": ">=7.24.0 <7.24.7"
            }
        },
        "node_modules/colors": {
            "version": "1.4.0",
            "resolved": "https://registry.npmjs.org/colors/-/colors-1.4.0.tgz",
            "integrity": "sha512-a+UqTh4kgZg/SlGvfbzDHpgRu7AAQOmmqRHJnxhRZICKFUT91brVhNNt58CMWU9PsBbv3PDCZUHbVxuDiH2mtA==",
            "license": "MIT",
            "engines": {
                "node": ">=0.1.90"
            }
        },
        "node_modules/fs": {
            "version": "0.0.1-security",
            "resolved": "https://registry.npmjs.org/fs/-/fs-0.0.1-security.tgz",
            "integrity": "sha512-3XY9e1pP0CVEUCdj5BmfIZxRBTSDycnbqhIOGec9QYtmVH2fbLpj86CFWkrNOkt/Fvty4KZG5lTglL9j/gJ87w==",
            "license": "ISC"
        },
        "node_modules/is-extglob": {
            "version": "2.1.1",
            "resolved": "https://registry.npmjs.org/is-extglob/-/is-extglob-2.1.1.tgz",
            "integrity": "sha512-SbKbANkN603Vi4jEZv49LeVJMn4yGwsbzZworEoyEiutsN3nJYdbO36zfhGJ6QEDpOZIFkDtnq5JRxmvl3jsoQ==",
            "license": "MIT",
            "engines": {
                "node": ">=0.10.0"
            }
        },
        "node_modules/is-glob": {
            "version": "4.0.3",
            "resolved": "https://registry.npmjs.org/is-glob/-/is-glob-4.0.3.tgz",
            "integrity": "sha512-xelSayHH36ZgE7ZWhli7pW34hNbNl8Ojv5KVmkJD4hBdD3th8Tfk9vYasLM+mXWOZhFkgZfxhLSnrwRr4elSSg==",
            "license": "MIT",
            "dependencies": {
                "is-extglob": "^2.1.1"
            },
            "engines": {
                "node": ">=0.10.0"
            }
        },
        "node_modules/undici-types": {
            "version": "7.24.6",
            "resolved": "https://registry.npmjs.org/undici-types/-/undici-types-7.24.6.tgz",
            "integrity": "sha512-WRNW+sJgj5OBN4/0JpHFqtqzhpbnV0GuB+OozA9gCL7a993SmU+1JBZCzLNxYsbMfIeDL+lTsphD5jN5N+n0zg==",
            "license": "MIT"
        },
        "node_modules/valid-path": {
            "version": "2.1.0",
            "resolved": "https://registry.npmjs.org/valid-path/-/valid-path-2.1.0.tgz",
            "integrity": "sha512-hYanLM6kqE7zLl0oykV//2q3meRgYGOtS2lgChozuWjjghSqR8xwc3199bDGUFPwszk/MhvHhyVys8HdHU9buw==",
            "license": "MIT",
            "dependencies": {
                "is-glob": "^4.0.3"
            }
        }
    }
}
